{
  "nodes": {
    "nixCats": {
      "locked": {
        "lastModified": 1767604651,
        "narHash": "sha256-itAnxzTpWpY1s3LA/oNngOuZDXT5U5JUZP5fApwx9gs=",
        "owner": "BirdeeHub",
        "repo": "nixCats-nvim",
        "rev": "3c9bc4d7123e1b48d92f25ba505b889af541e897",
        "type": "github"
      },
      "original": {
        "owner": "BirdeeHub",
        "repo": "nixCats-nvim",
        "type": "github"
      }
    },
    "nixpkgs": {
      "locked": {
        "lastModified": 1767364772,
        "narHash": "sha256-fFUnEYMla8b7UKjijLnMe+oVFOz6HjijGGNS1l7dYaQ=",
        "owner": "nixos",
        "repo": "nixpkgs",
        "rev": "16c7794d0a28b5a37904d55bcca36003b9109aaa",
        "type": "github"
      },
      "original": {
        "owner": "nixos",
        "ref": "nixpkgs-unstable",
        "repo": "nixpkgs",
        "type": "github"
      }
    },
    "root": {
      "inputs": {
        "nixCats": "nixCats",
        "nixpkgs": "nixpkgs"
      }
    }
  },
  "root": "root",
  "version": 7
}
